// !$*UTF8*$!
{
	archiveVersion = 1;
	classes = {
	};
	objectVersion = 48;
	objects = {

/* Begin PBXBuildFile section */
		3F72713F2A98B90F00620C24 /* LoggedOutRouter.swift in Sources */ = {isa = PBXBuildFile; fileRef = 3F72713B2A98B90F00620C24 /* LoggedOutRouter.swift */; };
		3F7271412A98B90F00620C24 /* LoggedOutBuilder.swift in Sources */ = {isa = PBXBuildFile; fileRef = 3F72713D2A98B90F00620C24 /* LoggedOutBuilder.swift */; };
		3F7271422A98B90F00620C24 /* LoggedOutInteractor.swift in Sources */ = {isa = PBXBuildFile; fileRef = 3F72713E2A98B90F00620C24 /* LoggedOutInteractor.swift */; };
		3F7271442A98C78100620C24 /* LoggedOutViewModel.swift in Sources */ = {isa = PBXBuildFile; fileRef = 3F7271432A98C78100620C24 /* LoggedOutViewModel.swift */; };
		3F7271462A98C78C00620C24 /* LoggedOutView.swift in Sources */ = {isa = PBXBuildFile; fileRef = 3F7271452A98C78C00620C24 /* LoggedOutView.swift */; };
		3F7271482A98C87000620C24 /* LoggedOutHostingContoller.swift in Sources */ = {isa = PBXBuildFile; fileRef = 3F7271472A98C87000620C24 /* LoggedOutHostingContoller.swift */; };
		3F72714A2A98F2D000620C24 /* SceneDelegate.swift in Sources */ = {isa = PBXBuildFile; fileRef = 3F7271492A98F2D000620C24 /* SceneDelegate.swift */; };
		3F9047AF2A9916D00074395D /* LoggedInRouter.swift in Sources */ = {isa = PBXBuildFile; fileRef = 3F9047AB2A9916D00074395D /* LoggedInRouter.swift */; };
		3F9047B12A9916D00074395D /* LoggedInBuilder.swift in Sources */ = {isa = PBXBuildFile; fileRef = 3F9047AD2A9916D00074395D /* LoggedInBuilder.swift */; };
		3F9047B22A9916D00074395D /* LoggedInInteractor.swift in Sources */ = {isa = PBXBuildFile; fileRef = 3F9047AE2A9916D00074395D /* LoggedInInteractor.swift */; };
		3F9047BB2A9C87670074395D /* RootComponent+LoggedIn.swift in Sources */ = {isa = PBXBuildFile; fileRef = 3F9047BA2A9C87670074395D /* RootComponent+LoggedIn.swift */; };
		3F9047C12A9CE4820074395D /* OffGameRouter.swift in Sources */ = {isa = PBXBuildFile; fileRef = 3F9047BD2A9CE4820074395D /* OffGameRouter.swift */; };
		3F9047C32A9CE4820074395D /* OffGameBuilder.swift in Sources */ = {isa = PBXBuildFile; fileRef = 3F9047BF2A9CE4820074395D /* OffGameBuilder.swift */; };
		3F9047C42A9CE4820074395D /* OffGameInteractor.swift in Sources */ = {isa = PBXBuildFile; fileRef = 3F9047C02A9CE4820074395D /* OffGameInteractor.swift */; };
		3F9047C62A9CE6150074395D /* OffGameHostingController.swift in Sources */ = {isa = PBXBuildFile; fileRef = 3F9047C52A9CE6150074395D /* OffGameHostingController.swift */; };
		3F9047C82A9CE6630074395D /* OffGameView.swift in Sources */ = {isa = PBXBuildFile; fileRef = 3F9047C72A9CE6630074395D /* OffGameView.swift */; };
		3F9047CA2A9CE6B40074395D /* OffGameViewModel.swift in Sources */ = {isa = PBXBuildFile; fileRef = 3F9047C92A9CE6B40074395D /* OffGameViewModel.swift */; };
		3F9047DA2A9D19DC0074395D /* TicTacToeRouter.swift in Sources */ = {isa = PBXBuildFile; fileRef = 3F9047D62A9D19DC0074395D /* TicTacToeRouter.swift */; };
		3F9047DB2A9D19DC0074395D /* TicTacToeViewModel.swift in Sources */ = {isa = PBXBuildFile; fileRef = 3F9047D72A9D19DC0074395D /* TicTacToeViewModel.swift */; };
		3F9047DC2A9D19DC0074395D /* TicTacToeBuilder.swift in Sources */ = {isa = PBXBuildFile; fileRef = 3F9047D82A9D19DC0074395D /* TicTacToeBuilder.swift */; };
		3F9047DD2A9D19DC0074395D /* TicTacToeInteractor.swift in Sources */ = {isa = PBXBuildFile; fileRef = 3F9047D92A9D19DC0074395D /* TicTacToeInteractor.swift */; };
		3F9047DF2A9D1A2D0074395D /* TicTacToeHostingController.swift in Sources */ = {isa = PBXBuildFile; fileRef = 3F9047DE2A9D1A2D0074395D /* TicTacToeHostingController.swift */; };
		3F9047E12A9D1A5F0074395D /* TicTacToeView.swift in Sources */ = {isa = PBXBuildFile; fileRef = 3F9047E02A9D1A5F0074395D /* TicTacToeView.swift */; };
		4476029F2796070E15FC2F5A /* Pods_TicTacToe.framework in Frameworks */ = {isa = PBXBuildFile; fileRef = 103D36E3986BBB779454C40A /* Pods_TicTacToe.framework */; };
		E9CB1D521F97303800D84847 /* AppDelegate.swift in Sources */ = {isa = PBXBuildFile; fileRef = E9CB1D351F972FD500D84847 /* AppDelegate.swift */; };
		E9CB1D531F97305A00D84847 /* AppComponent.swift in Sources */ = {isa = PBXBuildFile; fileRef = E9CB1D341F972FD500D84847 /* AppComponent.swift */; };
		E9CB1D611F9730EF00D84847 /* RootBuilder.swift in Sources */ = {isa = PBXBuildFile; fileRef = E9CB1D371F972FE400D84847 /* RootBuilder.swift */; };
		E9CB1D631F9730EF00D84847 /* RootComponent+LoggedOut.swift in Sources */ = {isa = PBXBuildFile; fileRef = E9CB1D391F972FE400D84847 /* RootComponent+LoggedOut.swift */; };
		E9CB1D641F9730EF00D84847 /* RootInteractor.swift in Sources */ = {isa = PBXBuildFile; fileRef = E9CB1D3A1F972FE400D84847 /* RootInteractor.swift */; };
		E9CB1D651F9730EF00D84847 /* RootRouter.swift in Sources */ = {isa = PBXBuildFile; fileRef = E9CB1D3B1F972FE400D84847 /* RootRouter.swift */; };
		E9CB1D661F9730EF00D84847 /* RootViewController.swift in Sources */ = {isa = PBXBuildFile; fileRef = E9CB1D3C1F972FE400D84847 /* RootViewController.swift */; };
/* End PBXBuildFile section */

/* Begin PBXFileReference section */
		103D36E3986BBB779454C40A /* Pods_TicTacToe.framework */ = {isa = PBXFileReference; explicitFileType = wrapper.framework; includeInIndex = 0; path = Pods_TicTacToe.framework; sourceTree = BUILT_PRODUCTS_DIR; };
		3F72713B2A98B90F00620C24 /* LoggedOutRouter.swift */ = {isa = PBXFileReference; lastKnownFileType = sourcecode.swift; path = LoggedOutRouter.swift; sourceTree = "<group>"; };
		3F72713D2A98B90F00620C24 /* LoggedOutBuilder.swift */ = {isa = PBXFileReference; lastKnownFileType = sourcecode.swift; path = LoggedOutBuilder.swift; sourceTree = "<group>"; };
		3F72713E2A98B90F00620C24 /* LoggedOutInteractor.swift */ = {isa = PBXFileReference; lastKnownFileType = sourcecode.swift; path = LoggedOutInteractor.swift; sourceTree = "<group>"; };
		3F7271432A98C78100620C24 /* LoggedOutViewModel.swift */ = {isa = PBXFileReference; lastKnownFileType = sourcecode.swift; path = LoggedOutViewModel.swift; sourceTree = "<group>"; };
		3F7271452A98C78C00620C24 /* LoggedOutView.swift */ = {isa = PBXFileReference; lastKnownFileType = sourcecode.swift; path = LoggedOutView.swift; sourceTree = "<group>"; };
		3F7271472A98C87000620C24 /* LoggedOutHostingContoller.swift */ = {isa = PBXFileReference; lastKnownFileType = sourcecode.swift; path = LoggedOutHostingContoller.swift; sourceTree = "<group>"; };
		3F7271492A98F2D000620C24 /* SceneDelegate.swift */ = {isa = PBXFileReference; lastKnownFileType = sourcecode.swift; path = SceneDelegate.swift; sourceTree = "<group>"; };
		3F9047AB2A9916D00074395D /* LoggedInRouter.swift */ = {isa = PBXFileReference; lastKnownFileType = sourcecode.swift; path = LoggedInRouter.swift; sourceTree = "<group>"; };
		3F9047AD2A9916D00074395D /* LoggedInBuilder.swift */ = {isa = PBXFileReference; lastKnownFileType = sourcecode.swift; path = LoggedInBuilder.swift; sourceTree = "<group>"; };
		3F9047AE2A9916D00074395D /* LoggedInInteractor.swift */ = {isa = PBXFileReference; lastKnownFileType = sourcecode.swift; path = LoggedInInteractor.swift; sourceTree = "<group>"; };
		3F9047BA2A9C87670074395D /* RootComponent+LoggedIn.swift */ = {isa = PBXFileReference; lastKnownFileType = sourcecode.swift; path = "RootComponent+LoggedIn.swift"; sourceTree = "<group>"; };
		3F9047BD2A9CE4820074395D /* OffGameRouter.swift */ = {isa = PBXFileReference; lastKnownFileType = sourcecode.swift; path = OffGameRouter.swift; sourceTree = "<group>"; };
		3F9047BF2A9CE4820074395D /* OffGameBuilder.swift */ = {isa = PBXFileReference; lastKnownFileType = sourcecode.swift; path = OffGameBuilder.swift; sourceTree = "<group>"; };
		3F9047C02A9CE4820074395D /* OffGameInteractor.swift */ = {isa = PBXFileReference; lastKnownFileType = sourcecode.swift; path = OffGameInteractor.swift; sourceTree = "<group>"; };
		3F9047C52A9CE6150074395D /* OffGameHostingController.swift */ = {isa = PBXFileReference; lastKnownFileType = sourcecode.swift; path = OffGameHostingController.swift; sourceTree = "<group>"; };
		3F9047C72A9CE6630074395D /* OffGameView.swift */ = {isa = PBXFileReference; lastKnownFileType = sourcecode.swift; path = OffGameView.swift; sourceTree = "<group>"; };
		3F9047C92A9CE6B40074395D /* OffGameViewModel.swift */ = {isa = PBXFileReference; lastKnownFileType = sourcecode.swift; path = OffGameViewModel.swift; sourceTree = "<group>"; };
		3F9047D62A9D19DC0074395D /* TicTacToeRouter.swift */ = {isa = PBXFileReference; lastKnownFileType = sourcecode.swift; path = TicTacToeRouter.swift; sourceTree = "<group>"; };
		3F9047D72A9D19DC0074395D /* TicTacToeViewModel.swift */ = {isa = PBXFileReference; lastKnownFileType = sourcecode.swift; path = TicTacToeViewModel.swift; sourceTree = "<group>"; };
		3F9047D82A9D19DC0074395D /* TicTacToeBuilder.swift */ = {isa = PBXFileReference; lastKnownFileType = sourcecode.swift; path = TicTacToeBuilder.swift; sourceTree = "<group>"; };
		3F9047D92A9D19DC0074395D /* TicTacToeInteractor.swift */ = {isa = PBXFileReference; lastKnownFileType = sourcecode.swift; path = TicTacToeInteractor.swift; sourceTree = "<group>"; };
		3F9047DE2A9D1A2D0074395D /* TicTacToeHostingController.swift */ = {isa = PBXFileReference; lastKnownFileType = sourcecode.swift; path = TicTacToeHostingController.swift; sourceTree = "<group>"; };
		3F9047E02A9D1A5F0074395D /* TicTacToeView.swift */ = {isa = PBXFileReference; lastKnownFileType = sourcecode.swift; path = TicTacToeView.swift; sourceTree = "<group>"; };
		96DC95D32561EBF603A4C5A5 /* Pods-TicTacToe.debug.xcconfig */ = {isa = PBXFileReference; includeInIndex = 1; lastKnownFileType = text.xcconfig; name = "Pods-TicTacToe.debug.xcconfig"; path = "Target Support Files/Pods-TicTacToe/Pods-TicTacToe.debug.xcconfig"; sourceTree = "<group>"; };
		DCBE3779CA083BB52C09D3FA /* Pods-TicTacToe.release.xcconfig */ = {isa = PBXFileReference; includeInIndex = 1; lastKnownFileType = text.xcconfig; name = "Pods-TicTacToe.release.xcconfig"; path = "Target Support Files/Pods-TicTacToe/Pods-TicTacToe.release.xcconfig"; sourceTree = "<group>"; };
		E9894B4A1F972CC500688FCB /* TicTacToe.app */ = {isa = PBXFileReference; explicitFileType = wrapper.application; includeInIndex = 0; path = TicTacToe.app; sourceTree = BUILT_PRODUCTS_DIR; };
		E9894B591F972CC500688FCB /* Info.plist */ = {isa = PBXFileReference; lastKnownFileType = text.plist.xml; path = Info.plist; sourceTree = "<group>"; };
		E9CB1D341F972FD500D84847 /* AppComponent.swift */ = {isa = PBXFileReference; lastKnownFileType = sourcecode.swift; path = AppComponent.swift; sourceTree = "<group>"; };
		E9CB1D351F972FD500D84847 /* AppDelegate.swift */ = {isa = PBXFileReference; lastKnownFileType = sourcecode.swift; path = AppDelegate.swift; sourceTree = "<group>"; };
		E9CB1D371F972FE400D84847 /* RootBuilder.swift */ = {isa = PBXFileReference; lastKnownFileType = sourcecode.swift; path = RootBuilder.swift; sourceTree = "<group>"; };
		E9CB1D391F972FE400D84847 /* RootComponent+LoggedOut.swift */ = {isa = PBXFileReference; lastKnownFileType = sourcecode.swift; path = "RootComponent+LoggedOut.swift"; sourceTree = "<group>"; };
		E9CB1D3A1F972FE400D84847 /* RootInteractor.swift */ = {isa = PBXFileReference; lastKnownFileType = sourcecode.swift; path = RootInteractor.swift; sourceTree = "<group>"; };
		E9CB1D3B1F972FE400D84847 /* RootRouter.swift */ = {isa = PBXFileReference; lastKnownFileType = sourcecode.swift; path = RootRouter.swift; sourceTree = "<group>"; };
		E9CB1D3C1F972FE400D84847 /* RootViewController.swift */ = {isa = PBXFileReference; lastKnownFileType = sourcecode.swift; path = RootViewController.swift; sourceTree = "<group>"; };
/* End PBXFileReference section */

/* Begin PBXFrameworksBuildPhase section */
		E9894B471F972CC500688FCB /* Frameworks */ = {
			isa = PBXFrameworksBuildPhase;
			buildActionMask = 2147483647;
			files = (
				4476029F2796070E15FC2F5A /* Pods_TicTacToe.framework in Frameworks */,
			);
			runOnlyForDeploymentPostprocessing = 0;
		};
/* End PBXFrameworksBuildPhase section */

/* Begin PBXGroup section */
		3F9047AA2A9916B50074395D /* LoggedIn */ = {
			isa = PBXGroup;
			children = (
				3F9047AB2A9916D00074395D /* LoggedInRouter.swift */,
				3F9047AD2A9916D00074395D /* LoggedInBuilder.swift */,
				3F9047AE2A9916D00074395D /* LoggedInInteractor.swift */,
			);
			path = LoggedIn;
			sourceTree = "<group>";
		};
		3F9047BC2A9CE46B0074395D /* OffGame */ = {
			isa = PBXGroup;
			children = (
				3F9047BD2A9CE4820074395D /* OffGameRouter.swift */,
				3F9047BF2A9CE4820074395D /* OffGameBuilder.swift */,
				3F9047C02A9CE4820074395D /* OffGameInteractor.swift */,
				3F9047C72A9CE6630074395D /* OffGameView.swift */,
				3F9047C92A9CE6B40074395D /* OffGameViewModel.swift */,
			);
			path = OffGame;
			sourceTree = "<group>";
		};
		3F9047D52A9D19770074395D /* TicTacToe */ = {
			isa = PBXGroup;
			children = (
				3F9047D62A9D19DC0074395D /* TicTacToeRouter.swift */,
				3F9047D72A9D19DC0074395D /* TicTacToeViewModel.swift */,
				3F9047D82A9D19DC0074395D /* TicTacToeBuilder.swift */,
				3F9047D92A9D19DC0074395D /* TicTacToeInteractor.swift */,
				3F9047E02A9D1A5F0074395D /* TicTacToeView.swift */,
			);
			path = TicTacToe;
			sourceTree = "<group>";
		};
		3F9047E22A9D29F20074395D /* CustomHostingController */ = {
			isa = PBXGroup;
			children = (
				3F9047DE2A9D1A2D0074395D /* TicTacToeHostingController.swift */,
				3F9047C52A9CE6150074395D /* OffGameHostingController.swift */,
				3F7271472A98C87000620C24 /* LoggedOutHostingContoller.swift */,
			);
			path = CustomHostingController;
			sourceTree = "<group>";
		};
		4B917380A9DACAD9C271973C /* Pods */ = {
			isa = PBXGroup;
			children = (
				96DC95D32561EBF603A4C5A5 /* Pods-TicTacToe.debug.xcconfig */,
				DCBE3779CA083BB52C09D3FA /* Pods-TicTacToe.release.xcconfig */,
			);
			path = Pods;
			sourceTree = "<group>";
		};
		63152AD846BEFFD90F96BD5F /* Frameworks */ = {
			isa = PBXGroup;
			children = (
				103D36E3986BBB779454C40A /* Pods_TicTacToe.framework */,
			);
			name = Frameworks;
			sourceTree = "<group>";
		};
		E9894B411F972CC500688FCB = {
			isa = PBXGroup;
			children = (
				E9894B4C1F972CC500688FCB /* TicTacToe */,
				E9894B4B1F972CC500688FCB /* Products */,
				4B917380A9DACAD9C271973C /* Pods */,
				63152AD846BEFFD90F96BD5F /* Frameworks */,
			);
			sourceTree = "<group>";
		};
		E9894B4B1F972CC500688FCB /* Products */ = {
			isa = PBXGroup;
			children = (
				E9894B4A1F972CC500688FCB /* TicTacToe.app */,
			);
			name = Products;
			sourceTree = "<group>";
		};
		E9894B4C1F972CC500688FCB /* TicTacToe */ = {
			isa = PBXGroup;
			children = (
				3F9047D52A9D19770074395D /* TicTacToe */,
				3F9047BC2A9CE46B0074395D /* OffGame */,
				3F9047AA2A9916B50074395D /* LoggedIn */,
				E9CB1D331F972FD500D84847 /* AppStart */,
				E9CB1D421F972FE400D84847 /* LoggedOut */,
				E9CB1D361F972FE400D84847 /* Root */,
				3F9047E22A9D29F20074395D /* CustomHostingController */,
				E9894B591F972CC500688FCB /* Info.plist */,
			);
			path = TicTacToe;
			sourceTree = "<group>";
		};
		E9CB1D331F972FD500D84847 /* AppStart */ = {
			isa = PBXGroup;
			children = (
				E9CB1D341F972FD500D84847 /* AppComponent.swift */,
				E9CB1D351F972FD500D84847 /* AppDelegate.swift */,
				3F7271492A98F2D000620C24 /* SceneDelegate.swift */,
			);
			path = AppStart;
			sourceTree = "<group>";
		};
		E9CB1D361F972FE400D84847 /* Root */ = {
			isa = PBXGroup;
			children = (
				E9CB1D371F972FE400D84847 /* RootBuilder.swift */,
				E9CB1D391F972FE400D84847 /* RootComponent+LoggedOut.swift */,
				3F9047BA2A9C87670074395D /* RootComponent+LoggedIn.swift */,
				E9CB1D3A1F972FE400D84847 /* RootInteractor.swift */,
				E9CB1D3B1F972FE400D84847 /* RootRouter.swift */,
				E9CB1D3C1F972FE400D84847 /* RootViewController.swift */,
			);
			path = Root;
			sourceTree = "<group>";
		};
		E9CB1D421F972FE400D84847 /* LoggedOut */ = {
			isa = PBXGroup;
			children = (
				3F72713B2A98B90F00620C24 /* LoggedOutRouter.swift */,
				3F72713D2A98B90F00620C24 /* LoggedOutBuilder.swift */,
				3F72713E2A98B90F00620C24 /* LoggedOutInteractor.swift */,
				3F7271432A98C78100620C24 /* LoggedOutViewModel.swift */,
				3F7271452A98C78C00620C24 /* LoggedOutView.swift */,
			);
			path = LoggedOut;
			sourceTree = "<group>";
		};
/* End PBXGroup section */

/* Begin PBXNativeTarget section */
		E9894B491F972CC500688FCB /* TicTacToe */ = {
			isa = PBXNativeTarget;
			buildConfigurationList = E9894B671F972CC600688FCB /* Build configuration list for PBXNativeTarget "TicTacToe" */;
			buildPhases = (
				28DF73B37469B9AAC1C7C3AD /* [CP] Check Pods Manifest.lock */,
				E9894B461F972CC500688FCB /* Sources */,
				E9894B471F972CC500688FCB /* Frameworks */,
				E9894B481F972CC500688FCB /* Resources */,
				1CC2FED839A5E867A23AEE07 /* [CP] Embed Pods Frameworks */,
			);
			buildRules = (
			);
			dependencies = (
			);
			name = TicTacToe;
			productName = TicTacToe;
			productReference = E9894B4A1F972CC500688FCB /* TicTacToe.app */;
			productType = "com.apple.product-type.application";
		};
/* End PBXNativeTarget section */

/* Begin PBXProject section */
		E9894B421F972CC500688FCB /* Project object */ = {
			isa = PBXProject;
			attributes = {
				LastSwiftUpdateCheck = 0900;
				LastUpgradeCheck = 0930;
				ORGANIZATIONNAME = Uber;
				TargetAttributes = {
					E9894B491F972CC500688FCB = {
						CreatedOnToolsVersion = 9.0;
						ProvisioningStyle = Automatic;
					};
				};
			};
			buildConfigurationList = E9894B451F972CC500688FCB /* Build configuration list for PBXProject "TicTacToe" */;
			compatibilityVersion = "Xcode 8.0";
			developmentRegion = en;
			hasScannedForEncodings = 0;
			knownRegions = (
				en,
				Base,
			);
			mainGroup = E9894B411F972CC500688FCB;
			productRefGroup = E9894B4B1F972CC500688FCB /* Products */;
			projectDirPath = "";
			projectRoot = "";
			targets = (
				E9894B491F972CC500688FCB /* TicTacToe */,
			);
		};
/* End PBXProject section */

/* Begin PBXResourcesBuildPhase section */
		E9894B481F972CC500688FCB /* Resources */ = {
			isa = PBXResourcesBuildPhase;
			buildActionMask = 2147483647;
			files = (
			);
			runOnlyForDeploymentPostprocessing = 0;
		};
/* End PBXResourcesBuildPhase section */

/* Begin PBXShellScriptBuildPhase section */
		1CC2FED839A5E867A23AEE07 /* [CP] Embed Pods Frameworks */ = {
			isa = PBXShellScriptBuildPhase;
			buildActionMask = 2147483647;
			files = (
			);
			inputPaths = (
				"${PODS_ROOT}/Target Support Files/Pods-TicTacToe/Pods-TicTacToe-frameworks.sh",
				"${BUILT_PRODUCTS_DIR}/RIBs/RIBs.framework",
				"${BUILT_PRODUCTS_DIR}/RxSwift/RxSwift.framework",
			);
			name = "[CP] Embed Pods Frameworks";
			outputPaths = (
				"${TARGET_BUILD_DIR}/${FRAMEWORKS_FOLDER_PATH}/RIBs.framework",
				"${TARGET_BUILD_DIR}/${FRAMEWORKS_FOLDER_PATH}/RxSwift.framework",
			);
			runOnlyForDeploymentPostprocessing = 0;
			shellPath = /bin/sh;
			shellScript = "\"${PODS_ROOT}/Target Support Files/Pods-TicTacToe/Pods-TicTacToe-frameworks.sh\"\n";
			showEnvVarsInLog = 0;
		};
		28DF73B37469B9AAC1C7C3AD /* [CP] Check Pods Manifest.lock */ = {
			isa = PBXShellScriptBuildPhase;
			buildActionMask = 2147483647;
			files = (
			);
			inputFileListPaths = (
			);
			inputPaths = (
				"${PODS_PODFILE_DIR_PATH}/Podfile.lock",
				"${PODS_ROOT}/Manifest.lock",
			);
			name = "[CP] Check Pods Manifest.lock";
			outputFileListPaths = (
			);
			outputPaths = (
				"$(DERIVED_FILE_DIR)/Pods-TicTacToe-checkManifestLockResult.txt",
			);
			runOnlyForDeploymentPostprocessing = 0;
			shellPath = /bin/sh;
			shellScript = "diff \"${PODS_PODFILE_DIR_PATH}/Podfile.lock\" \"${PODS_ROOT}/Manifest.lock\" > /dev/null\nif [ $? != 0 ] ; then\n    # print error to STDERR\n    echo \"error: The sandbox is not in sync with the Podfile.lock. Run 'pod install' or update your CocoaPods installation.\" >&2\n    exit 1\nfi\n# This output is used by Xcode 'outputs' to avoid re-running this script phase.\necho \"SUCCESS\" > \"${SCRIPT_OUTPUT_FILE_0}\"\n";
			showEnvVarsInLog = 0;
		};
/* End PBXShellScriptBuildPhase section */

/* Begin PBXSourcesBuildPhase section */
		E9894B461F972CC500688FCB /* Sources */ = {
			isa = PBXSourcesBuildPhase;
			buildActionMask = 2147483647;
			files = (
				3F9047B12A9916D00074395D /* LoggedInBuilder.swift in Sources */,
				E9CB1D521F97303800D84847 /* AppDelegate.swift in Sources */,
				3F9047AF2A9916D00074395D /* LoggedInRouter.swift in Sources */,
				3F9047DB2A9D19DC0074395D /* TicTacToeViewModel.swift in Sources */,
				3F9047BB2A9C87670074395D /* RootComponent+LoggedIn.swift in Sources */,
				3F72714A2A98F2D000620C24 /* SceneDelegate.swift in Sources */,
				3F7271442A98C78100620C24 /* LoggedOutViewModel.swift in Sources */,
				3F9047C62A9CE6150074395D /* OffGameHostingController.swift in Sources */,
				3F7271412A98B90F00620C24 /* LoggedOutBuilder.swift in Sources */,
				E9CB1D641F9730EF00D84847 /* RootInteractor.swift in Sources */,
				3F9047B22A9916D00074395D /* LoggedInInteractor.swift in Sources */,
				3F9047CA2A9CE6B40074395D /* OffGameViewModel.swift in Sources */,
				E9CB1D631F9730EF00D84847 /* RootComponent+LoggedOut.swift in Sources */,
				E9CB1D611F9730EF00D84847 /* RootBuilder.swift in Sources */,
				3F9047DC2A9D19DC0074395D /* TicTacToeBuilder.swift in Sources */,
				3F9047DD2A9D19DC0074395D /* TicTacToeInteractor.swift in Sources */,
				3F7271422A98B90F00620C24 /* LoggedOutInteractor.swift in Sources */,
				3F7271462A98C78C00620C24 /* LoggedOutView.swift in Sources */,
				3F9047C32A9CE4820074395D /* OffGameBuilder.swift in Sources */,
				3F7271482A98C87000620C24 /* LoggedOutHostingContoller.swift in Sources */,
				3F72713F2A98B90F00620C24 /* LoggedOutRouter.swift in Sources */,
				3F9047DF2A9D1A2D0074395D /* TicTacToeHostingController.swift in Sources */,
				3F9047DA2A9D19DC0074395D /* TicTacToeRouter.swift in Sources */,
				3F9047C82A9CE6630074395D /* OffGameView.swift in Sources */,
				E9CB1D531F97305A00D84847 /* AppComponent.swift in Sources */,
				3F9047C12A9CE4820074395D /* OffGameRouter.swift in Sources */,
				E9CB1D651F9730EF00D84847 /* RootRouter.swift in Sources */,
				3F9047E12A9D1A5F0074395D /* TicTacToeView.swift in Sources */,
				3F9047C42A9CE4820074395D /* OffGameInteractor.swift in Sources */,
				E9CB1D661F9730EF00D84847 /* RootViewController.swift in Sources */,
			);
			runOnlyForDeploymentPostprocessing = 0;
		};
/* End PBXSourcesBuildPhase section */

/* Begin XCBuildConfiguration section */
		E9894B651F972CC600688FCB /* Debug */ = {
			isa = XCBuildConfiguration;
			buildSettings = {
				ALWAYS_SEARCH_USER_PATHS = NO;
				CLANG_ANALYZER_NONNULL = YES;
				CLANG_ANALYZER_NUMBER_OBJECT_CONVERSION = YES_AGGRESSIVE;
				CLANG_CXX_LANGUAGE_STANDARD = "gnu++14";
				CLANG_CXX_LIBRARY = "libc++";
				CLANG_ENABLE_MODULES = YES;
				CLANG_ENABLE_OBJC_ARC = YES;
				CLANG_WARN_BLOCK_CAPTURE_AUTORELEASING = YES;
				CLANG_WARN_BOOL_CONVERSION = YES;
				CLANG_WARN_COMMA = YES;
				CLANG_WARN_CONSTANT_CONVERSION = YES;
				CLANG_WARN_DEPRECATED_OBJC_IMPLEMENTATIONS = YES;
				CLANG_WARN_DIRECT_OBJC_ISA_USAGE = YES_ERROR;
				CLANG_WARN_DOCUMENTATION_COMMENTS = YES;
				CLANG_WARN_EMPTY_BODY = YES;
				CLANG_WARN_ENUM_CONVERSION = YES;
				CLANG_WARN_INFINITE_RECURSION = YES;
				CLANG_WARN_INT_CONVERSION = YES;
				CLANG_WARN_NON_LITERAL_NULL_CONVERSION = YES;
				CLANG_WARN_OBJC_IMPLICIT_RETAIN_SELF = YES;
				CLANG_WARN_OBJC_LITERAL_CONVERSION = YES;
				CLANG_WARN_OBJC_ROOT_CLASS = YES_ERROR;
				CLANG_WARN_RANGE_LOOP_ANALYSIS = YES;
				CLANG_WARN_STRICT_PROTOTYPES = YES;
				CLANG_WARN_SUSPICIOUS_MOVE = YES;
				CLANG_WARN_UNGUARDED_AVAILABILITY = YES_AGGRESSIVE;
				CLANG_WARN_UNREACHABLE_CODE = YES;
				CLANG_WARN__DUPLICATE_METHOD_MATCH = YES;
				CODE_SIGN_IDENTITY = "iPhone Developer";
				COPY_PHASE_STRIP = NO;
				DEBUG_INFORMATION_FORMAT = dwarf;
				ENABLE_STRICT_OBJC_MSGSEND = YES;
				ENABLE_TESTABILITY = YES;
				GCC_C_LANGUAGE_STANDARD = gnu11;
				GCC_DYNAMIC_NO_PIC = NO;
				GCC_NO_COMMON_BLOCKS = YES;
				GCC_OPTIMIZATION_LEVEL = 0;
				GCC_PREPROCESSOR_DEFINITIONS = (
					"DEBUG=1",
					"$(inherited)",
				);
				GCC_WARN_64_TO_32_BIT_CONVERSION = YES;
				GCC_WARN_ABOUT_RETURN_TYPE = YES_ERROR;
				GCC_WARN_UNDECLARED_SELECTOR = YES;
				GCC_WARN_UNINITIALIZED_AUTOS = YES_AGGRESSIVE;
				GCC_WARN_UNUSED_FUNCTION = YES;
				GCC_WARN_UNUSED_VARIABLE = YES;
				IPHONEOS_DEPLOYMENT_TARGET = 9.0;
				MTL_ENABLE_DEBUG_INFO = YES;
				ONLY_ACTIVE_ARCH = YES;
				SDKROOT = iphoneos;
				SWIFT_ACTIVE_COMPILATION_CONDITIONS = DEBUG;
				SWIFT_OPTIMIZATION_LEVEL = "-Onone";
				SWIFT_VERSION = 4.0;
			};
			name = Debug;
		};
		E9894B661F972CC600688FCB /* Release */ = {
			isa = XCBuildConfiguration;
			buildSettings = {
				ALWAYS_SEARCH_USER_PATHS = NO;
				CLANG_ANALYZER_NONNULL = YES;
				CLANG_ANALYZER_NUMBER_OBJECT_CONVERSION = YES_AGGRESSIVE;
				CLANG_CXX_LANGUAGE_STANDARD = "gnu++14";
				CLANG_CXX_LIBRARY = "libc++";
				CLANG_ENABLE_MODULES = YES;
				CLANG_ENABLE_OBJC_ARC = YES;
				CLANG_WARN_BLOCK_CAPTURE_AUTORELEASING = YES;
				CLANG_WARN_BOOL_CONVERSION = YES;
				CLANG_WARN_COMMA = YES;
				CLANG_WARN_CONSTANT_CONVERSION = YES;
				CLANG_WARN_DEPRECATED_OBJC_IMPLEMENTATIONS = YES;
				CLANG_WARN_DIRECT_OBJC_ISA_USAGE = YES_ERROR;
				CLANG_WARN_DOCUMENTATION_COMMENTS = YES;
				CLANG_WARN_EMPTY_BODY = YES;
				CLANG_WARN_ENUM_CONVERSION = YES;
				CLANG_WARN_INFINITE_RECURSION = YES;
				CLANG_WARN_INT_CONVERSION = YES;
				CLANG_WARN_NON_LITERAL_NULL_CONVERSION = YES;
				CLANG_WARN_OBJC_IMPLICIT_RETAIN_SELF = YES;
				CLANG_WARN_OBJC_LITERAL_CONVERSION = YES;
				CLANG_WARN_OBJC_ROOT_CLASS = YES_ERROR;
				CLANG_WARN_RANGE_LOOP_ANALYSIS = YES;
				CLANG_WARN_STRICT_PROTOTYPES = YES;
				CLANG_WARN_SUSPICIOUS_MOVE = YES;
				CLANG_WARN_UNGUARDED_AVAILABILITY = YES_AGGRESSIVE;
				CLANG_WARN_UNREACHABLE_CODE = YES;
				CLANG_WARN__DUPLICATE_METHOD_MATCH = YES;
				CODE_SIGN_IDENTITY = "iPhone Developer";
				COPY_PHASE_STRIP = NO;
				DEBUG_INFORMATION_FORMAT = "dwarf-with-dsym";
				ENABLE_NS_ASSERTIONS = NO;
				ENABLE_STRICT_OBJC_MSGSEND = YES;
				GCC_C_LANGUAGE_STANDARD = gnu11;
				GCC_NO_COMMON_BLOCKS = YES;
				GCC_WARN_64_TO_32_BIT_CONVERSION = YES;
				GCC_WARN_ABOUT_RETURN_TYPE = YES_ERROR;
				GCC_WARN_UNDECLARED_SELECTOR = YES;
				GCC_WARN_UNINITIALIZED_AUTOS = YES_AGGRESSIVE;
				GCC_WARN_UNUSED_FUNCTION = YES;
				GCC_WARN_UNUSED_VARIABLE = YES;
				IPHONEOS_DEPLOYMENT_TARGET = 9.0;
				MTL_ENABLE_DEBUG_INFO = NO;
				SDKROOT = iphoneos;
				SWIFT_OPTIMIZATION_LEVEL = "-Owholemodule";
				SWIFT_VERSION = 4.0;
				VALIDATE_PRODUCT = YES;
			};
			name = Release;
		};
		E9894B681F972CC600688FCB /* Debug */ = {
			isa = XCBuildConfiguration;
			baseConfigurationReference = 96DC95D32561EBF603A4C5A5 /* Pods-TicTacToe.debug.xcconfig */;
			buildSettings = {
				CODE_SIGN_STYLE = Automatic;
				INFOPLIST_FILE = TicTacToe/Info.plist;
				IPHONEOS_DEPLOYMENT_TARGET = 15.0;
				LD_RUNPATH_SEARCH_PATHS = "$(inherited) @executable_path/Frameworks";
				PRODUCT_BUNDLE_IDENTIFIER = com.ubercab.TicTacToe;
				PRODUCT_NAME = "$(TARGET_NAME)";
				SWIFT_VERSION = 4.0;
				TARGETED_DEVICE_FAMILY = 1;
			};
			name = Debug;
		};
		E9894B691F972CC600688FCB /* Release */ = {
			isa = XCBuildConfiguration;
			baseConfigurationReference = DCBE3779CA083BB52C09D3FA /* Pods-TicTacToe.release.xcconfig */;
			buildSettings = {
				CODE_SIGN_STYLE = Automatic;
				INFOPLIST_FILE = TicTacToe/Info.plist;
				IPHONEOS_DEPLOYMENT_TARGET = 15.0;
				LD_RUNPATH_SEARCH_PATHS = "$(inherited) @executable_path/Frameworks";
				PRODUCT_BUNDLE_IDENTIFIER = com.ubercab.TicTacToe;
				PRODUCT_NAME = "$(TARGET_NAME)";
				SWIFT_VERSION = 4.0;
				TARGETED_DEVICE_FAMILY = 1;
			};
			name = Release;
		};
/* End XCBuildConfiguration section */

/* Begin XCConfigurationList section */
		E9894B451F972CC500688FCB /* Build configuration list for PBXProject "TicTacToe" */ = {
			isa = XCConfigurationList;
			buildConfigurations = (
				E9894B651F972CC600688FCB /* Debug */,
				E9894B661F972CC600688FCB /* Release */,
			);
			defaultConfigurationIsVisible = 0;
			defaultConfigurationName = Release;
		};
		E9894B671F972CC600688FCB /* Build configuration list for PBXNativeTarget "TicTacToe" */ = {
			isa = XCConfigurationList;
			buildConfigurations = (
				E9894B681F972CC600688FCB /* Debug */,
				E9894B691F972CC600688FCB /* Release */,
			);
			defaultConfigurationIsVisible = 0;
			defaultConfigurationName = Release;
		};
/* End XCConfigurationList section */
	};
	rootObject = E9894B421F972CC500688FCB /* Project object */;
}
